Microsoft Visual Studio Solution File, Format Version 12.00
# Visual Studio Version 17
VisualStudioVersion = 17.13.35931.197
MinimumVisualStudioVersion = 10.0.40219.1
Project("{FAE04EC0-301F-11D3-BF4B-00C04F79EFBC}") = "IniFileManagement", "IniFileManagement.csproj", "{747FD24C-6D21-B9C3-E999-86ABF994825B}"
	ProjectSection(ProjectDependencies) = postProject
		{3ADA2929-27DE-16E6-495B-60613AC10575} = {3ADA2929-27DE-16E6-495B-60613AC10575}
	EndProjectSection
EndProject
Project("{FAE04EC0-301F-11D3-BF4B-00C04F79EFBC}") = "NetXpertExtensions", "..\..\NetXpertXtensions\NetXpertExtensions\NetXpertExtensions.csproj", "{3ADA2929-27DE-16E6-495B-60613AC10575}"
EndProject
Global
	GlobalSection(SolutionConfigurationPlatforms) = preSolution
		Debug|Any CPU = Debug|Any CPU
		Release|Any CPU = Release|Any CPU
	EndGlobalSection
	GlobalSection(ProjectConfigurationPlatforms) = postSolution
		{747FD24C-6D21-B9C3-E999-86ABF994825B}.Debug|Any CPU.ActiveCfg = Debug|Any CPU
		{747FD24C-6D21-B9C3-E999-86ABF994825B}.Debug|Any CPU.Build.0 = Debug|Any CPU
		{747FD24C-6D21-B9C3-E999-86ABF994825B}.Release|Any CPU.ActiveCfg = Release|Any CPU
		{747FD24C-6D21-B9C3-E999-86ABF994825B}.Release|Any CPU.Build.0 = Release|Any CPU
		{3ADA2929-27DE-16E6-495B-60613AC10575}.Debug|Any CPU.ActiveCfg = Debug|Any CPU
		{3ADA2929-27DE-16E6-495B-60613AC10575}.Debug|Any CPU.Build.0 = Debug|Any CPU
		{3ADA2929-27DE-16E6-495B-60613AC10575}.Release|Any CPU.ActiveCfg = Release|Any CPU
		{3ADA2929-27DE-16E6-495B-60613AC10575}.Release|Any CPU.Build.0 = Release|Any CPU
	EndGlobalSection
	GlobalSection(SolutionProperties) = preSolution
		HideSolutionNode = FALSE
	EndGlobalSection
	GlobalSection(ExtensibilityGlobals) = postSolution
		SolutionGuid = {460432CA-D487-4F73-AF2C-6B12C4C1713E}
	EndGlobalSection
EndGlobal
